{
  "lockfileVersion": 1,
  "configVersion": 1,
  "workspaces": {
    "": {
      "name": "create-new-app",
      "dependencies": {
        "@clack/prompts": "^1.0.0",
        "@qodestack/biome-config": "^2.3.4",
      },
      "devDependencies": {
        "@types/bun": "^1.3.7",
      },
      "peerDependencies": {
        "typescript": "^5.9.3",
      },
    },
  },
  "packages": {
    "@biomejs/biome": ["@biomejs/biome@2.3.13", "", { "optionalDependencies": { "@biomejs/cli-darwin-arm64": "2.3.13", "@biomejs/cli-darwin-x64": "2.3.13", "@biomejs/cli-linux-arm64": "2.3.13", "@biomejs/cli-linux-arm64-musl": "2.3.13", "@biomejs/cli-linux-x64": "2.3.13", "@biomejs/cli-linux-x64-musl": "2.3.13", "@biomejs/cli-win32-arm64": "2.3.13", "@biomejs/cli-win32-x64": "2.3.13" }, "bin": { "biome": "bin/biome" } }, "sha512-Fw7UsV0UAtWIBIm0M7g5CRerpu1eKyKAXIazzxhbXYUyMkwNrkX/KLkGI7b+uVDQ5cLUMfOC9vR60q9IDYDstA=="],

    "@biomejs/cli-darwin-arm64": ["@biomejs/cli-darwin-arm64@2.3.13", "", { "os": "darwin", "cpu": "arm64" }, "sha512-0OCwP0/BoKzyJHnFdaTk/i7hIP9JHH9oJJq6hrSCPmJPo8JWcJhprK4gQlhFzrwdTBAW4Bjt/RmCf3ZZe59gwQ=="],

    "@biomejs/cli-darwin-x64": ["@biomejs/cli-darwin-x64@2.3.13", "", { "os": "darwin", "cpu": "x64" }, "sha512-AGr8OoemT/ejynbIu56qeil2+F2WLkIjn2d8jGK1JkchxnMUhYOfnqc9sVzcRxpG9Ycvw4weQ5sprRvtb7Yhcw=="],

    "@biomejs/cli-linux-arm64": ["@biomejs/cli-linux-arm64@2.3.13", "", { "os": "linux", "cpu": "arm64" }, "sha512-xvOiFkrDNu607MPMBUQ6huHmBG1PZLOrqhtK6pXJW3GjfVqJg0Z/qpTdhXfcqWdSZHcT+Nct2fOgewZvytESkw=="],

    "@biomejs/cli-linux-arm64-musl": ["@biomejs/cli-linux-arm64-musl@2.3.13", "", { "os": "linux", "cpu": "arm64" }, "sha512-TUdDCSY+Eo/EHjhJz7P2GnWwfqet+lFxBZzGHldrvULr59AgahamLs/N85SC4+bdF86EhqDuuw9rYLvLFWWlXA=="],

    "@biomejs/cli-linux-x64": ["@biomejs/cli-linux-x64@2.3.13", "", { "os": "linux", "cpu": "x64" }, "sha512-s+YsZlgiXNq8XkgHs6xdvKDFOj/bwTEevqEY6rC2I3cBHbxXYU1LOZstH3Ffw9hE5tE1sqT7U23C00MzkXztMw=="],

    "@biomejs/cli-linux-x64-musl": ["@biomejs/cli-linux-x64-musl@2.3.13", "", { "os": "linux", "cpu": "x64" }, "sha512-0bdwFVSbbM//Sds6OjtnmQGp4eUjOTt6kHvR/1P0ieR9GcTUAlPNvPC3DiavTqq302W34Ae2T6u5VVNGuQtGlQ=="],

    "@biomejs/cli-win32-arm64": ["@biomejs/cli-win32-arm64@2.3.13", "", { "os": "win32", "cpu": "arm64" }, "sha512-QweDxY89fq0VvrxME+wS/BXKmqMrOTZlN9SqQ79kQSIc3FrEwvW/PvUegQF6XIVaekncDykB5dzPqjbwSKs9DA=="],

    "@biomejs/cli-win32-x64": ["@biomejs/cli-win32-x64@2.3.13", "", { "os": "win32", "cpu": "x64" }, "sha512-trDw2ogdM2lyav9WFQsdsfdVy1dvZALymRpgmWsvSez0BJzBjulhOT/t+wyKeh3pZWvwP3VMs1SoOKwO3wecMQ=="],

    "@clack/core": ["@clack/core@1.0.0", "", { "dependencies": { "picocolors": "^1.0.0", "sisteransi": "^1.0.5" } }, "sha512-Orf9Ltr5NeiEuVJS8Rk2XTw3IxNC2Bic3ash7GgYeA8LJ/zmSNpSQ/m5UAhe03lA6KFgklzZ5KTHs4OAMA/SAQ=="],

    "@clack/prompts": ["@clack/prompts@1.0.0", "", { "dependencies": { "@clack/core": "1.0.0", "picocolors": "^1.0.0", "sisteransi": "^1.0.5" } }, "sha512-rWPXg9UaCFqErJVQ+MecOaWsozjaxol4yjnmYcGNipAWzdaWa2x+VJmKfGq7L0APwBohQOYdHC+9RO4qRXej+A=="],

    "@qodestack/biome-config": ["@qodestack/biome-config@2.3.4", "", { "dependencies": { "@biomejs/biome": "2.3.13", "gradient-string": "^3.0.0", "jsonc-parser": "^3.3.1", "picocolors": "^1.1.1" }, "bin": { "biomeInit": "src/cli.mjs" } }, "sha512-m7DV7YQb6CQKXTbdvYCoMgX4cDGbjRTWWfVXUOtaalb7eCBnMxguCRe6/v28gKZYWHgi2fGuq3q9UUkXzJfuNQ=="],

    "@types/bun": ["@types/bun@1.3.8", "", { "dependencies": { "bun-types": "1.3.8" } }, "sha512-3LvWJ2q5GerAXYxO2mffLTqOzEu5qnhEAlh48Vnu8WQfnmSwbgagjGZV6BoHKJztENYEDn6QmVd949W4uESRJA=="],

    "@types/node": ["@types/node@25.0.2", "", { "dependencies": { "undici-types": "~7.16.0" } }, "sha512-gWEkeiyYE4vqjON/+Obqcoeffmk0NF15WSBwSs7zwVA2bAbTaE0SJ7P0WNGoJn8uE7fiaV5a7dKYIJriEqOrmA=="],

    "@types/tinycolor2": ["@types/tinycolor2@1.4.6", "", {}, "sha512-iEN8J0BoMnsWBqjVbWH/c0G0Hh7O21lpR2/+PrvAVgWdzL7eexIFm4JN/Wn10PTcmNdtS6U67r499mlWMXOxNw=="],

    "bun-types": ["bun-types@1.3.8", "", { "dependencies": { "@types/node": "*" } }, "sha512-fL99nxdOWvV4LqjmC+8Q9kW3M4QTtTR1eePs94v5ctGqU8OeceWrSUaRw3JYb7tU3FkMIAjkueehrHPPPGKi5Q=="],

    "chalk": ["chalk@5.6.2", "", {}, "sha512-7NzBL0rN6fMUW+f7A6Io4h40qQlG+xGmtMxfbnH/K7TAtt8JQWVQK+6g0UXKMeVJoyV5EkkNsErQ8pVD3bLHbA=="],

    "gradient-string": ["gradient-string@3.0.0", "", { "dependencies": { "chalk": "^5.3.0", "tinygradient": "^1.1.5" } }, "sha512-frdKI4Qi8Ihp4C6wZNB565de/THpIaw3DjP5ku87M+N9rNSGmPTjfkq61SdRXB7eCaL8O1hkKDvf6CDMtOzIAg=="],

    "jsonc-parser": ["jsonc-parser@3.3.1", "", {}, "sha512-HUgH65KyejrUFPvHFPbqOY0rsFip3Bo5wb4ngvdi1EpCYWUQDC5V+Y7mZws+DLkr4M//zQJoanu1SP+87Dv1oQ=="],

    "picocolors": ["picocolors@1.1.1", "", {}, "sha512-xceH2snhtb5M9liqDsmEw56le376mTZkEX/jEb/RxNFyegNul7eNslCXP9FDj/Lcu0X8KEyMceP2ntpaHrDEVA=="],

    "sisteransi": ["sisteransi@1.0.5", "", {}, "sha512-bLGGlR1QxBcynn2d5YmDX4MGjlZvy2MRBDRNHLJ8VI6l6+9FUiyTFNJ0IveOSP0bcXgVDPRcfGqA0pjaqUpfVg=="],

    "tinycolor2": ["tinycolor2@1.6.0", "", {}, "sha512-XPaBkWQJdsf3pLKJV9p4qN/S+fm2Oj8AIPo1BTUhg5oxkvm9+SVEGFdhyOz7tTdUTfvxMiAs4sp6/eZO2Ew+pw=="],

    "tinygradient": ["tinygradient@1.1.5", "", { "dependencies": { "@types/tinycolor2": "^1.4.0", "tinycolor2": "^1.0.0" } }, "sha512-8nIfc2vgQ4TeLnk2lFj4tRLvvJwEfQuabdsmvDdQPT0xlk9TaNtpGd6nNRxXoK6vQhN6RSzj+Cnp5tTQmpxmbw=="],

    "typescript": ["typescript@5.9.3", "", { "bin": { "tsc": "bin/tsc", "tsserver": "bin/tsserver" } }, "sha512-jl1vZzPDinLr9eUt3J/t7V6FgNEw9QjvBPdysz9KfQDD41fQrC2Y4vKQdiaUpFT4bXlb1RHhLpp8wtm6M5TgSw=="],

    "undici-types": ["undici-types@7.16.0", "", {}, "sha512-Zz+aZWSj8LE6zoxD+xrjh4VfkIG8Ya6LvYkZqtUQGJPZjYl53ypCaUwWqo7eI0x66KBGeRo+mlBEkMSeSZ38Nw=="],
  }
}
